<?xml version="1.0" encoding="utf-8"?>
<Project ToolsVersion="4.0" xmlns="http://schemas.microsoft.com/developer/msbuild/2003">
  <ItemGroup>
    <Filter Include="Source Files">
      <UniqueIdentifier>{4FC737F1-C7A5-4376-A066-2A32D752A2FF}</UniqueIdentifier>
      <Extensions>cpp;c;cc;cxx;c++;cppm;ixx;def;odl;idl;hpj;bat;asm;asmx</Extensions>
    </Filter>
    <Filter Include="Header Files">
      <UniqueIdentifier>{93995380-89BD-4b04-88EB-625FBE52EBFB}</UniqueIdentifier>
      <Extensions>h;hh;hpp;hxx;h++;hm;inl;inc;ipp;xsd</Extensions>
    </Filter>
    <Filter Include="Resource Files">
      <UniqueIdentifier>{67DA6AB6-F800-4c08-8B7A-83BB121AAD01}</UniqueIdentifier>
      <Extensions>rc;ico;cur;bmp;dlg;rc2;rct;bin;rgs;gif;jpg;jpeg;jpe;resx;tiff;tif;png;wav;mfcribbon-ms</Extensions>
    </Filter>
  </ItemGroup>
  <ItemGroup>
    <ClCompile Include="MyForm.cpp">
      <Filter>Source Files</Filter>
    </ClCompile>
    <ClCompile Include="SnakeTile.cpp">
      <Filter>Source Files</Filter>
    </ClCompile>
    <ClCompile Include="FruitTile.cpp">
      <Filter>Source Files</Filter>
    </ClCompile>
    <ClCompile Include="MysteryBoxTile.cpp">
      <Filter>Source Files</Filter>
    </ClCompile>
    <ClCompile Include="Field.cpp">
      <Filter>Source Files</Filter>
    </ClCompile>
    <ClCompile Include="EmptyTile.cpp">
      <Filter>Source Files</Filter>
    </ClCompile>
    <ClCompile Include="ClassicGamemode.cpp">
      <Filter>Source Files</Filter>
    </ClCompile>
    <ClCompile Include="Snake.cpp">
      <Filter>Source Files</Filter>
    </ClCompile>
    <ClCompile Include="SnakeGame.cpp">
      <Filter>Source Files</Filter>
    </ClCompile>
    <ClCompile Include="SnakeHeadTile.cpp">
      <Filter>Source Files</Filter>
    </ClCompile>
    <ClCompile Include="SnakeTailTile.cpp">
      <Filter>Source Files</Filter>
    </ClCompile>
    <ClCompile Include="Player.cpp">
      <Filter>Source Files</Filter>
    </ClCompile>
    <ClCompile Include="HighScores.cpp">
      <Filter>Source Files</Filter>
    </ClCompile>
    <ClCompile Include="SnakeBodyTile.cpp">
      <Filter>Source Files</Filter>
    </ClCompile>
    <ClCompile Include="MysteryBoxGamemode.cpp">
      <Filter>Source Files</Filter>
    </ClCompile>
    <ClCompile Include="MultiplayerGamemode.cpp">
      <Filter>Source Files</Filter>
    </ClCompile>
  </ItemGroup>
  <ItemGroup>
    <ClInclude Include="MyForm.h">
      <Filter>Header Files</Filter>
    </ClInclude>
    <ClInclude Include="Tile.h">
      <Filter>Header Files</Filter>
    </ClInclude>
    <ClInclude Include="Gamemode.h">
      <Filter>Header Files</Filter>
    </ClInclude>
    <ClInclude Include="SnakeTile.h">
      <Filter>Header Files</Filter>
    </ClInclude>
    <ClInclude Include="FruitTile.h">
      <Filter>Header Files</Filter>
    </ClInclude>
    <ClInclude Include="MysteryBoxTile.h">
      <Filter>Header Files</Filter>
    </ClInclude>
    <ClInclude Include="Field.h">
      <Filter>Header Files</Filter>
    </ClInclude>
    <ClInclude Include="EmptyTile.h">
      <Filter>Header Files</Filter>
    </ClInclude>
    <ClInclude Include="ClassicGamemode.h">
      <Filter>Header Files</Filter>
    </ClInclude>
    <ClInclude Include="Snake.h">
      <Filter>Header Files</Filter>
    </ClInclude>
    <ClInclude Include="SnakeGame.h">
      <Filter>Header Files</Filter>
    </ClInclude>
    <ClInclude Include="SnakeHeadTile.h">
      <Filter>Header Files</Filter>
    </ClInclude>
    <ClInclude Include="SnakeTailTile.h">
      <Filter>Header Files</Filter>
    </ClInclude>
    <ClInclude Include="Player.h">
      <Filter>Header Files</Filter>
    </ClInclude>
    <ClInclude Include="HighScores.h">
      <Filter>Header Files</Filter>
    </ClInclude>
    <ClInclude Include="SnakeBodyTile.h">
      <Filter>Header Files</Filter>
    </ClInclude>
    <ClInclude Include="MysteryBoxGamemode.h">
      <Filter>Header Files</Filter>
    </ClInclude>
    <ClInclude Include="MultiplayerGamemode.h">
      <Filter>Header Files</Filter>
    </ClInclude>
  </ItemGroup>
  <ItemGroup>
    <Image Include="snakeTitle.bmp.png">
      <Filter>Resource Files</Filter>
    </Image>
    <Image Include="EmptyTile.bmp">
      <Filter>Resource Files</Filter>
    </Image>
    <Image Include="SnakeBody.bmp">
      <Filter>Resource Files</Filter>
    </Image>
    <Image Include="SnakeTail.bmp">
      <Filter>Resource Files</Filter>
    </Image>
    <Image Include="SnakeHead.bmp">
      <Filter>Resource Files</Filter>
    </Image>
    <Image Include="Fruit.bmp">
      <Filter>Resource Files</Filter>
    </Image>
    <Image Include="MysteryBox.bmp">
      <Filter>Resource Files</Filter>
    </Image>
  </ItemGroup>
  <ItemGroup>
    <Text Include="HighScores.txt">
      <Filter>Resource Files</Filter>
    </Text>
  </ItemGroup>
</Project>